
Microsoft Visual Studio Solution File, Format Version 11.00
# Visual C++ Express 2010
Project("{8BC9CEB8-8B4A-11D0-8D11-00A0C91BC942}") = "Window", "Window\Window.vcxproj", "{4774BD85-278E-4F78-94E3-32AB847CD1DE}"
EndProject
Global
	GlobalSection(SolutionConfigurationPlatforms) = preSolution
		Debug|Win32 = Debug|Win32
		Release|Win32 = Release|Win32
	EndGlobalSection
	GlobalSection(ProjectConfigurationPlatforms) = postSolution
		{4774BD85-278E-4F78-94E3-32AB847CD1DE}.Debug|Win32.ActiveCfg = Debug|Win32
		{4774BD85-278E-4F78-94E3-32AB847CD1DE}.Debug|Win32.Build.0 = Debug|Win32
		{4774BD85-278E-4F78-94E3-32AB847CD1DE}.Release|Win32.ActiveCfg = Release|Win32
		{4774BD85-278E-4F78-94E3-32AB847CD1DE}.Release|Win32.Build.0 = Release|Win32
	EndGlobalSection
	GlobalSection(SolutionProperties) = preSolution
		HideSolutionNode = FALSE
	EndGlobalSection
EndGlobal
